
Microsoft Visual Studio Solution File, Format Version 12.00
# Visual Studio Version 17
VisualStudioVersion = 17.11.35303.130
MinimumVisualStudioVersion = 10.0.40219.1
Project("{9A19103F-16F7-4668-BE54-9A1E7A4F7556}") = "HumbleCompany.web", "HumbleCompany.web.csproj", "{6FAD7980-FCDC-43D8-A662-2AB59F1AABC0}"
EndProject
Project("{FAE04EC0-301F-11D3-BF4B-00C04F79EFBC}") = "HumbleCompany.API", "..\HumbleCompany.API\HumbleCompany.API.csproj", "{9202A230-B7F4-4ECF-9FB8-7C2D5AF2D87A}"
EndProject
Project("{FAE04EC0-301F-11D3-BF4B-00C04F79EFBC}") = "HumbleCompany.Application", "..\HumbleCompany.Application\HumbleCompany.Application.csproj", "{04E914DC-67CA-4F92-B5E3-B975DF9BE1E6}"
EndProject
Project("{FAE04EC0-301F-11D3-BF4B-00C04F79EFBC}") = "HumbleCompany.Domain", "..\HumbleCompany.Domain\HumbleCompany.Domain.csproj", "{AE8CB9A4-10D7-47A7-93A3-B88C88190F8D}"
EndProject
Project("{FAE04EC0-301F-11D3-BF4B-00C04F79EFBC}") = "HumbleCompany.Infraestructure", "..\HumbleCompany.Infraestructure\HumbleCompany.Infraestructure.csproj", "{2E68E4DE-69C9-4DD0-AF46-0B0295FB2587}"
EndProject
Global
	GlobalSection(SolutionConfigurationPlatforms) = preSolution
		Debug|Any CPU = Debug|Any CPU
		Release|Any CPU = Release|Any CPU
	EndGlobalSection
	GlobalSection(ProjectConfigurationPlatforms) = postSolution
		{6FAD7980-FCDC-43D8-A662-2AB59F1AABC0}.Debug|Any CPU.ActiveCfg = Debug|Any CPU
		{6FAD7980-FCDC-43D8-A662-2AB59F1AABC0}.Debug|Any CPU.Build.0 = Debug|Any CPU
		{6FAD7980-FCDC-43D8-A662-2AB59F1AABC0}.Release|Any CPU.ActiveCfg = Release|Any CPU
		{6FAD7980-FCDC-43D8-A662-2AB59F1AABC0}.Release|Any CPU.Build.0 = Release|Any CPU
		{9202A230-B7F4-4ECF-9FB8-7C2D5AF2D87A}.Debug|Any CPU.ActiveCfg = Debug|Any CPU
		{9202A230-B7F4-4ECF-9FB8-7C2D5AF2D87A}.Debug|Any CPU.Build.0 = Debug|Any CPU
		{9202A230-B7F4-4ECF-9FB8-7C2D5AF2D87A}.Release|Any CPU.ActiveCfg = Release|Any CPU
		{9202A230-B7F4-4ECF-9FB8-7C2D5AF2D87A}.Release|Any CPU.Build.0 = Release|Any CPU
		{04E914DC-67CA-4F92-B5E3-B975DF9BE1E6}.Debug|Any CPU.ActiveCfg = Debug|Any CPU
		{04E914DC-67CA-4F92-B5E3-B975DF9BE1E6}.Debug|Any CPU.Build.0 = Debug|Any CPU
		{04E914DC-67CA-4F92-B5E3-B975DF9BE1E6}.Release|Any CPU.ActiveCfg = Release|Any CPU
		{04E914DC-67CA-4F92-B5E3-B975DF9BE1E6}.Release|Any CPU.Build.0 = Release|Any CPU
		{AE8CB9A4-10D7-47A7-93A3-B88C88190F8D}.Debug|Any CPU.ActiveCfg = Debug|Any CPU
		{AE8CB9A4-10D7-47A7-93A3-B88C88190F8D}.Debug|Any CPU.Build.0 = Debug|Any CPU
		{AE8CB9A4-10D7-47A7-93A3-B88C88190F8D}.Release|Any CPU.ActiveCfg = Release|Any CPU
		{AE8CB9A4-10D7-47A7-93A3-B88C88190F8D}.Release|Any CPU.Build.0 = Release|Any CPU
		{2E68E4DE-69C9-4DD0-AF46-0B0295FB2587}.Debug|Any CPU.ActiveCfg = Debug|Any CPU
		{2E68E4DE-69C9-4DD0-AF46-0B0295FB2587}.Debug|Any CPU.Build.0 = Debug|Any CPU
		{2E68E4DE-69C9-4DD0-AF46-0B0295FB2587}.Release|Any CPU.ActiveCfg = Release|Any CPU
		{2E68E4DE-69C9-4DD0-AF46-0B0295FB2587}.Release|Any CPU.Build.0 = Release|Any CPU
	EndGlobalSection
	GlobalSection(SolutionProperties) = preSolution
		HideSolutionNode = FALSE
	EndGlobalSection
	GlobalSection(ExtensibilityGlobals) = postSolution
		SolutionGuid = {4D05CCDE-6E04-4BB0-B762-A39249BD3CAB}
	EndGlobalSection
EndGlobal
