
Microsoft Visual Studio Solution File, Format Version 12.00
# Visual Studio Version 17
VisualStudioVersion = 17.11.35303.130
MinimumVisualStudioVersion = 10.0.40219.1
Project("{9A19103F-16F7-4668-BE54-9A1E7A4F7556}") = "HumbleCompany.web", "HumbleCompany.web.csproj", "{6FAD7980-FCDC-43D8-A662-2AB59F1AABC0}"
EndProject
Project("{9A19103F-16F7-4668-BE54-9A1E7A4F7556}") = "HumbleCompany.API", "..\WebApplication1\HumbleCompany.API.csproj", "{6F43ECB3-D54B-434C-BDFA-65A2E72DF593}"
EndProject
Project("{9A19103F-16F7-4668-BE54-9A1E7A4F7556}") = "HumbleCompany.Domain", "..\HumbleCompany.Domain\HumbleCompany.Domain.csproj", "{0E4C31C9-DD43-4B73-9D0D-93908610329C}"
EndProject
Project("{9A19103F-16F7-4668-BE54-9A1E7A4F7556}") = "HumbleCompany.Application", "..\HumbleCompany.Application\HumbleCompany.Application.csproj", "{62B8EC08-703A-4DAC-94E0-C46DB7B11C12}"
EndProject
Project("{9A19103F-16F7-4668-BE54-9A1E7A4F7556}") = "HumbleCompany.Infraestructure", "..\HumbleCompany.Infraestructure\HumbleCompany.Infraestructure.csproj", "{042EBC4C-797D-40A6-B0B6-A400BCD367CA}"
EndProject
Global
	GlobalSection(SolutionConfigurationPlatforms) = preSolution
		Debug|Any CPU = Debug|Any CPU
		Release|Any CPU = Release|Any CPU
	EndGlobalSection
	GlobalSection(ProjectConfigurationPlatforms) = postSolution
		{6FAD7980-FCDC-43D8-A662-2AB59F1AABC0}.Debug|Any CPU.ActiveCfg = Debug|Any CPU
		{6FAD7980-FCDC-43D8-A662-2AB59F1AABC0}.Debug|Any CPU.Build.0 = Debug|Any CPU
		{6FAD7980-FCDC-43D8-A662-2AB59F1AABC0}.Release|Any CPU.ActiveCfg = Release|Any CPU
		{6FAD7980-FCDC-43D8-A662-2AB59F1AABC0}.Release|Any CPU.Build.0 = Release|Any CPU
		{6F43ECB3-D54B-434C-BDFA-65A2E72DF593}.Debug|Any CPU.ActiveCfg = Debug|Any CPU
		{6F43ECB3-D54B-434C-BDFA-65A2E72DF593}.Debug|Any CPU.Build.0 = Debug|Any CPU
		{6F43ECB3-D54B-434C-BDFA-65A2E72DF593}.Release|Any CPU.ActiveCfg = Release|Any CPU
		{6F43ECB3-D54B-434C-BDFA-65A2E72DF593}.Release|Any CPU.Build.0 = Release|Any CPU
		{0E4C31C9-DD43-4B73-9D0D-93908610329C}.Debug|Any CPU.ActiveCfg = Debug|Any CPU
		{0E4C31C9-DD43-4B73-9D0D-93908610329C}.Debug|Any CPU.Build.0 = Debug|Any CPU
		{0E4C31C9-DD43-4B73-9D0D-93908610329C}.Release|Any CPU.ActiveCfg = Release|Any CPU
		{0E4C31C9-DD43-4B73-9D0D-93908610329C}.Release|Any CPU.Build.0 = Release|Any CPU
		{62B8EC08-703A-4DAC-94E0-C46DB7B11C12}.Debug|Any CPU.ActiveCfg = Debug|Any CPU
		{62B8EC08-703A-4DAC-94E0-C46DB7B11C12}.Debug|Any CPU.Build.0 = Debug|Any CPU
		{62B8EC08-703A-4DAC-94E0-C46DB7B11C12}.Release|Any CPU.ActiveCfg = Release|Any CPU
		{62B8EC08-703A-4DAC-94E0-C46DB7B11C12}.Release|Any CPU.Build.0 = Release|Any CPU
		{042EBC4C-797D-40A6-B0B6-A400BCD367CA}.Debug|Any CPU.ActiveCfg = Debug|Any CPU
		{042EBC4C-797D-40A6-B0B6-A400BCD367CA}.Debug|Any CPU.Build.0 = Debug|Any CPU
		{042EBC4C-797D-40A6-B0B6-A400BCD367CA}.Release|Any CPU.ActiveCfg = Release|Any CPU
		{042EBC4C-797D-40A6-B0B6-A400BCD367CA}.Release|Any CPU.Build.0 = Release|Any CPU
	EndGlobalSection
	GlobalSection(SolutionProperties) = preSolution
		HideSolutionNode = FALSE
	EndGlobalSection
	GlobalSection(ExtensibilityGlobals) = postSolution
		SolutionGuid = {4D05CCDE-6E04-4BB0-B762-A39249BD3CAB}
	EndGlobalSection
EndGlobal
